
Microsoft Visual Studio Solution File, Format Version 12.00
# Visual Studio Version 17
VisualStudioVersion = 17.5.002.0
MinimumVisualStudioVersion = 10.0.40219.1
Project("{9A19103F-16F7-4668-BE54-9A1E7A4F7556}") = "gqr-code", "gqr-code.csproj", "{605BEBD6-493A-4FC2-8CBA-0009976C2262}"
EndProject
Global
	GlobalSection(SolutionConfigurationPlatforms) = preSolution
		Debug|Any CPU = Debug|Any CPU
		Release|Any CPU = Release|Any CPU
	EndGlobalSection
	GlobalSection(ProjectConfigurationPlatforms) = postSolution
		{605BEBD6-493A-4FC2-8CBA-0009976C2262}.Debug|Any CPU.ActiveCfg = Debug|Any CPU
		{605BEBD6-493A-4FC2-8CBA-0009976C2262}.Debug|Any CPU.Build.0 = Debug|Any CPU
		{605BEBD6-493A-4FC2-8CBA-0009976C2262}.Release|Any CPU.ActiveCfg = Release|Any CPU
		{605BEBD6-493A-4FC2-8CBA-0009976C2262}.Release|Any CPU.Build.0 = Release|Any CPU
	EndGlobalSection
	GlobalSection(SolutionProperties) = preSolution
		HideSolutionNode = FALSE
	EndGlobalSection
	GlobalSection(ExtensibilityGlobals) = postSolution
		SolutionGuid = {0E5CEFDB-AE9E-4556-8064-4872D5793D8C}
	EndGlobalSection
EndGlobal
